// !$*UTF8*$!
{
	archiveVersion = 1;
	classes = {
	};
	objectVersion = 50;
	objects = {

/* Begin PBXBuildFile section */
		6D0C801C21CA434D002B16DE /* AppDelegate.m in Sources */ = {isa = PBXBuildFile; fileRef = 6D0C801B21CA434D002B16DE /* AppDelegate.m */; };
		6D0C801F21CA434D002B16DE /* ViewController.m in Sources */ = {isa = PBXBuildFile; fileRef = 6D0C801E21CA434D002B16DE /* ViewController.m */; };
		6D0C802421CA434F002B16DE /* Assets.xcassets in Resources */ = {isa = PBXBuildFile; fileRef = 6D0C802321CA434F002B16DE /* Assets.xcassets */; };
		6D0C802A21CA434F002B16DE /* main.m in Sources */ = {isa = PBXBuildFile; fileRef = 6D0C802921CA434F002B16DE /* main.m */; };
		A903E2785BC466E372DCDDF4 /* libPods-LSNativeApp.a in Frameworks */ = {isa = PBXBuildFile; fileRef = 0603BFEBDC311B1510834E6D /* libPods-LSNativeApp.a */; };
/* End PBXBuildFile section */

/* Begin PBXFileReference section */
		0603BFEBDC311B1510834E6D /* libPods-LSNativeApp.a */ = {isa = PBXFileReference; explicitFileType = archive.ar; includeInIndex = 0; path = "libPods-LSNativeApp.a"; sourceTree = BUILT_PRODUCTS_DIR; };
		485FF4C4093BEAAC88ABEAB8 /* Pods-LSNativeApp.debug.xcconfig */ = {isa = PBXFileReference; includeInIndex = 1; lastKnownFileType = text.xcconfig; name = "Pods-LSNativeApp.debug.xcconfig"; path = "Pods/Target Support Files/Pods-LSNativeApp/Pods-LSNativeApp.debug.xcconfig"; sourceTree = "<group>"; };
		6D0C801721CA434D002B16DE /* LSNativeApp.app */ = {isa = PBXFileReference; explicitFileType = wrapper.application; includeInIndex = 0; path = LSNativeApp.app; sourceTree = BUILT_PRODUCTS_DIR; };
		6D0C801A21CA434D002B16DE /* AppDelegate.h */ = {isa = PBXFileReference; lastKnownFileType = sourcecode.c.h; path = AppDelegate.h; sourceTree = "<group>"; };
		6D0C801B21CA434D002B16DE /* AppDelegate.m */ = {isa = PBXFileReference; lastKnownFileType = sourcecode.c.objc; path = AppDelegate.m; sourceTree = "<group>"; };
		6D0C801D21CA434D002B16DE /* ViewController.h */ = {isa = PBXFileReference; lastKnownFileType = sourcecode.c.h; path = ViewController.h; sourceTree = "<group>"; };
		6D0C801E21CA434D002B16DE /* ViewController.m */ = {isa = PBXFileReference; lastKnownFileType = sourcecode.c.objc; path = ViewController.m; sourceTree = "<group>"; };
		6D0C802321CA434F002B16DE /* Assets.xcassets */ = {isa = PBXFileReference; lastKnownFileType = folder.assetcatalog; path = Assets.xcassets; sourceTree = "<group>"; };
		6D0C802821CA434F002B16DE /* Info.plist */ = {isa = PBXFileReference; lastKnownFileType = text.plist.xml; path = Info.plist; sourceTree = "<group>"; };
		6D0C802921CA434F002B16DE /* main.m */ = {isa = PBXFileReference; lastKnownFileType = sourcecode.c.objc; path = main.m; sourceTree = "<group>"; };
		C8CEAD85AB8F5E2F9D157D08 /* Pods-LSNativeApp.release.xcconfig */ = {isa = PBXFileReference; includeInIndex = 1; lastKnownFileType = text.xcconfig; name = "Pods-LSNativeApp.release.xcconfig"; path = "Pods/Target Support Files/Pods-LSNativeApp/Pods-LSNativeApp.release.xcconfig"; sourceTree = "<group>"; };
/* End PBXFileReference section */

/* Begin PBXFrameworksBuildPhase section */
		6D0C801421CA434D002B16DE /* Frameworks */ = {
			isa = PBXFrameworksBuildPhase;
			buildActionMask = 2147483647;
			files = (
				A903E2785BC466E372DCDDF4 /* libPods-LSNativeApp.a in Frameworks */,
			);
			runOnlyForDeploymentPostprocessing = 0;
		};
/* End PBXFrameworksBuildPhase section */

/* Begin PBXGroup section */
		060EA900B59D2D80C3D59755 /* Pods */ = {
			isa = PBXGroup;
			children = (
				485FF4C4093BEAAC88ABEAB8 /* Pods-LSNativeApp.debug.xcconfig */,
				C8CEAD85AB8F5E2F9D157D08 /* Pods-LSNativeApp.release.xcconfig */,
			);
			name = Pods;
			sourceTree = "<group>";
		};
		68F73CC2A695D8D1F2A7D2EE /* Frameworks */ = {
			isa = PBXGroup;
			children = (
				0603BFEBDC311B1510834E6D /* libPods-LSNativeApp.a */,
			);
			name = Frameworks;
			sourceTree = "<group>";
		};
		6D0C800E21CA434D002B16DE = {
			isa = PBXGroup;
			children = (
				6D0C801921CA434D002B16DE /* LSNativeApp */,
				6D0C801821CA434D002B16DE /* Products */,
				060EA900B59D2D80C3D59755 /* Pods */,
				68F73CC2A695D8D1F2A7D2EE /* Frameworks */,
			);
			sourceTree = "<group>";
		};
		6D0C801821CA434D002B16DE /* Products */ = {
			isa = PBXGroup;
			children = (
				6D0C801721CA434D002B16DE /* LSNativeApp.app */,
			);
			name = Products;
			sourceTree = "<group>";
		};
		6D0C801921CA434D002B16DE /* LSNativeApp */ = {
			isa = PBXGroup;
			children = (
				6D0C801A21CA434D002B16DE /* AppDelegate.h */,
				6D0C801B21CA434D002B16DE /* AppDelegate.m */,
				6D0C801D21CA434D002B16DE /* ViewController.h */,
				6D0C801E21CA434D002B16DE /* ViewController.m */,
				6D0C802321CA434F002B16DE /* Assets.xcassets */,
				6D0C802821CA434F002B16DE /* Info.plist */,
				6D0C802921CA434F002B16DE /* main.m */,
			);
			path = LSNativeApp;
			sourceTree = "<group>";
		};
/* End PBXGroup section */

/* Begin PBXNativeTarget section */
		6D0C801621CA434D002B16DE /* LSNativeApp */ = {
			isa = PBXNativeTarget;
			buildConfigurationList = 6D0C802D21CA434F002B16DE /* Build configuration list for PBXNativeTarget "LSNativeApp" */;
			buildPhases = (
				CC21D9C3CCC99F25B361C66A /* [CP] Check Pods Manifest.lock */,
				6D0C801321CA434D002B16DE /* Sources */,
				6D0C801421CA434D002B16DE /* Frameworks */,
				6D0C801521CA434D002B16DE /* Resources */,
			);
			buildRules = (
			);
			dependencies = (
			);
			name = LSNativeApp;
			productName = LSNativeApp;
			productReference = 6D0C801721CA434D002B16DE /* LSNativeApp.app */;
			productType = "com.apple.product-type.application";
		};
/* End PBXNativeTarget section */

/* Begin PBXProject section */
		6D0C800F21CA434D002B16DE /* Project object */ = {
			isa = PBXProject;
			attributes = {
				LastUpgradeCheck = 1010;
				ORGANIZATIONNAME = senlin;
				TargetAttributes = {
					6D0C801621CA434D002B16DE = {
						CreatedOnToolsVersion = 10.1;
					};
				};
			};
			buildConfigurationList = 6D0C801221CA434D002B16DE /* Build configuration list for PBXProject "LSNativeApp" */;
			compatibilityVersion = "Xcode 9.3";
			developmentRegion = en;
			hasScannedForEncodings = 0;
			knownRegions = (
				en,
				Base,
			);
			mainGroup = 6D0C800E21CA434D002B16DE;
			productRefGroup = 6D0C801821CA434D002B16DE /* Products */;
			projectDirPath = "";
			projectRoot = "";
			targets = (
				6D0C801621CA434D002B16DE /* LSNativeApp */,
			);
		};
/* End PBXProject section */

/* Begin PBXResourcesBuildPhase section */
		6D0C801521CA434D002B16DE /* Resources */ = {
			isa = PBXResourcesBuildPhase;
			buildActionMask = 2147483647;
			files = (
				6D0C802421CA434F002B16DE /* Assets.xcassets in Resources */,
			);
			runOnlyForDeploymentPostprocessing = 0;
		};
/* End PBXResourcesBuildPhase section */

/* Begin PBXShellScriptBuildPhase section */
		CC21D9C3CCC99F25B361C66A /* [CP] Check Pods Manifest.lock */ = {
			isa = PBXShellScriptBuildPhase;
			buildActionMask = 2147483647;
			files = (
			);
			inputFileListPaths = (
			);
			inputPaths = (
				"${PODS_PODFILE_DIR_PATH}/Podfile.lock",
				"${PODS_ROOT}/Manifest.lock",
			);
			name = "[CP] Check Pods Manifest.lock";
			outputFileListPaths = (
			);
			outputPaths = (
				"$(DERIVED_FILE_DIR)/Pods-LSNativeApp-checkManifestLockResult.txt",
			);
			runOnlyForDeploymentPostprocessing = 0;
			shellPath = /bin/sh;
			shellScript = "diff \"${PODS_PODFILE_DIR_PATH}/Podfile.lock\" \"${PODS_ROOT}/Manifest.lock\" > /dev/null\nif [ $? != 0 ] ; then\n    # print error to STDERR\n    echo \"error: The sandbox is not in sync with the Podfile.lock. Run 'pod install' or update your CocoaPods installation.\" >&2\n    exit 1\nfi\n# This output is used by Xcode 'outputs' to avoid re-running this script phase.\necho \"SUCCESS\" > \"${SCRIPT_OUTPUT_FILE_0}\"\n";
			showEnvVarsInLog = 0;
		};
/* End PBXShellScriptBuildPhase section */

/* Begin PBXSourcesBuildPhase section */
		6D0C801321CA434D002B16DE /* Sources */ = {
			isa = PBXSourcesBuildPhase;
			buildActionMask = 2147483647;
			files = (
				6D0C801F21CA434D002B16DE /* ViewController.m in Sources */,
				6D0C802A21CA434F002B16DE /* main.m in Sources */,
				6D0C801C21CA434D002B16DE /* AppDelegate.m in Sources */,
			);
			runOnlyForDeploymentPostprocessing = 0;
		};
/* End PBXSourcesBuildPhase section */

/* Begin XCBuildConfiguration section */
		6D0C802B21CA434F002B16DE /* Debug */ = {
			isa = XCBuildConfiguration;
			buildSettings = {
				ALWAYS_SEARCH_USER_PATHS = NO;
				CLANG_ANALYZER_NONNULL = YES;
				CLANG_ANALYZER_NUMBER_OBJECT_CONVERSION = YES_AGGRESSIVE;
				CLANG_CXX_LANGUAGE_STANDARD = "gnu++14";
				CLANG_CXX_LIBRARY = "libc++";
				CLANG_ENABLE_MODULES = YES;
				CLANG_ENABLE_OBJC_ARC = YES;
				CLANG_ENABLE_OBJC_WEAK = YES;
				CLANG_WARN_BLOCK_CAPTURE_AUTORELEASING = YES;
				CLANG_WARN_BOOL_CONVERSION = YES;
				CLANG_WARN_COMMA = YES;
				CLANG_WARN_CONSTANT_CONVERSION = YES;
				CLANG_WARN_DEPRECATED_OBJC_IMPLEMENTATIONS = YES;
				CLANG_WARN_DIRECT_OBJC_ISA_USAGE = YES_ERROR;
				CLANG_WARN_DOCUMENTATION_COMMENTS = YES;
				CLANG_WARN_EMPTY_BODY = YES;
				CLANG_WARN_ENUM_CONVERSION = YES;
				CLANG_WARN_INFINITE_RECURSION = YES;
				CLANG_WARN_INT_CONVERSION = YES;
				CLANG_WARN_NON_LITERAL_NULL_CONVERSION = YES;
				CLANG_WARN_OBJC_IMPLICIT_RETAIN_SELF = YES;
				CLANG_WARN_OBJC_LITERAL_CONVERSION = YES;
				CLANG_WARN_OBJC_ROOT_CLASS = YES_ERROR;
				CLANG_WARN_RANGE_LOOP_ANALYSIS = YES;
				CLANG_WARN_STRICT_PROTOTYPES = YES;
				CLANG_WARN_SUSPICIOUS_MOVE = YES;
				CLANG_WARN_UNGUARDED_AVAILABILITY = YES_AGGRESSIVE;
				CLANG_WARN_UNREACHABLE_CODE = YES;
				CLANG_WARN__DUPLICATE_METHOD_MATCH = YES;
				CODE_SIGN_IDENTITY = "iPhone Developer";
				COPY_PHASE_STRIP = NO;
				DEBUG_INFORMATION_FORMAT = dwarf;
				ENABLE_STRICT_OBJC_MSGSEND = YES;
				ENABLE_TESTABILITY = YES;
				GCC_C_LANGUAGE_STANDARD = gnu11;
				GCC_DYNAMIC_NO_PIC = NO;
				GCC_NO_COMMON_BLOCKS = YES;
				GCC_OPTIMIZATION_LEVEL = 0;
				GCC_PREPROCESSOR_DEFINITIONS = (
					"DEBUG=1",
					"$(inherited)",
				);
				GCC_WARN_64_TO_32_BIT_CONVERSION = YES;
				GCC_WARN_ABOUT_RETURN_TYPE = YES_ERROR;
				GCC_WARN_UNDECLARED_SELECTOR = YES;
				GCC_WARN_UNINITIALIZED_AUTOS = YES_AGGRESSIVE;
				GCC_WARN_UNUSED_FUNCTION = YES;
				GCC_WARN_UNUSED_VARIABLE = YES;
				IPHONEOS_DEPLOYMENT_TARGET = 12.1;
				MTL_ENABLE_DEBUG_INFO = INCLUDE_SOURCE;
				MTL_FAST_MATH = YES;
				ONLY_ACTIVE_ARCH = YES;
				SDKROOT = iphoneos;
			};
			name = Debug;
		};
		6D0C802C21CA434F002B16DE /* Release */ = {
			isa = XCBuildConfiguration;
			buildSettings = {
				ALWAYS_SEARCH_USER_PATHS = NO;
				CLANG_ANALYZER_NONNULL = YES;
				CLANG_ANALYZER_NUMBER_OBJECT_CONVERSION = YES_AGGRESSIVE;
				CLANG_CXX_LANGUAGE_STANDARD = "gnu++14";
				CLANG_CXX_LIBRARY = "libc++";
				CLANG_ENABLE_MODULES = YES;
				CLANG_ENABLE_OBJC_ARC = YES;
				CLANG_ENABLE_OBJC_WEAK = YES;
				CLANG_WARN_BLOCK_CAPTURE_AUTORELEASING = YES;
				CLANG_WARN_BOOL_CONVERSION = YES;
				CLANG_WARN_COMMA = YES;
				CLANG_WARN_CONSTANT_CONVERSION = YES;
				CLANG_WARN_DEPRECATED_OBJC_IMPLEMENTATIONS = YES;
				CLANG_WARN_DIRECT_OBJC_ISA_USAGE = YES_ERROR;
				CLANG_WARN_DOCUMENTATION_COMMENTS = YES;
				CLANG_WARN_EMPTY_BODY = YES;
				CLANG_WARN_ENUM_CONVERSION = YES;
				CLANG_WARN_INFINITE_RECURSION = YES;
				CLANG_WARN_INT_CONVERSION = YES;
				CLANG_WARN_NON_LITERAL_NULL_CONVERSION = YES;
				CLANG_WARN_OBJC_IMPLICIT_RETAIN_SELF = YES;
				CLANG_WARN_OBJC_LITERAL_CONVERSION = YES;
				CLANG_WARN_OBJC_ROOT_CLASS = YES_ERROR;
				CLANG_WARN_RANGE_LOOP_ANALYSIS = YES;
				CLANG_WARN_STRICT_PROTOTYPES = YES;
				CLANG_WARN_SUSPICIOUS_MOVE = YES;
				CLANG_WARN_UNGUARDED_AVAILABILITY = YES_AGGRESSIVE;
				CLANG_WARN_UNREACHABLE_CODE = YES;
				CLANG_WARN__DUPLICATE_METHOD_MATCH = YES;
				CODE_SIGN_IDENTITY = "iPhone Developer";
				COPY_PHASE_STRIP = NO;
				DEBUG_INFORMATION_FORMAT = "dwarf-with-dsym";
				ENABLE_NS_ASSERTIONS = NO;
				ENABLE_STRICT_OBJC_MSGSEND = YES;
				GCC_C_LANGUAGE_STANDARD = gnu11;
				GCC_NO_COMMON_BLOCKS = YES;
				GCC_WARN_64_TO_32_BIT_CONVERSION = YES;
				GCC_WARN_ABOUT_RETURN_TYPE = YES_ERROR;
				GCC_WARN_UNDECLARED_SELECTOR = YES;
				GCC_WARN_UNINITIALIZED_AUTOS = YES_AGGRESSIVE;
				GCC_WARN_UNUSED_FUNCTION = YES;
				GCC_WARN_UNUSED_VARIABLE = YES;
				IPHONEOS_DEPLOYMENT_TARGET = 12.1;
				MTL_ENABLE_DEBUG_INFO = NO;
				MTL_FAST_MATH = YES;
				SDKROOT = iphoneos;
				VALIDATE_PRODUCT = YES;
			};
			name = Release;
		};
		6D0C802E21CA434F002B16DE /* Debug */ = {
			isa = XCBuildConfiguration;
			baseConfigurationReference = 485FF4C4093BEAAC88ABEAB8 /* Pods-LSNativeApp.debug.xcconfig */;
			buildSettings = {
				ASSETCATALOG_COMPILER_APPICON_NAME = AppIcon;
				CODE_SIGN_STYLE = Automatic;
				INFOPLIST_FILE = LSNativeApp/Info.plist;
				LD_RUNPATH_SEARCH_PATHS = (
					"$(inherited)",
					"@executable_path/Frameworks",
				);
				PRODUCT_BUNDLE_IDENTIFIER = home.LSNativeApp;
				PRODUCT_NAME = "$(TARGET_NAME)";
				TARGETED_DEVICE_FAMILY = "1,2";
			};
			name = Debug;
		};
		6D0C802F21CA434F002B16DE /* Release */ = {
			isa = XCBuildConfiguration;
			baseConfigurationReference = C8CEAD85AB8F5E2F9D157D08 /* Pods-LSNativeApp.release.xcconfig */;
			buildSettings = {
				ASSETCATALOG_COMPILER_APPICON_NAME = AppIcon;
				CODE_SIGN_STYLE = Automatic;
				INFOPLIST_FILE = LSNativeApp/Info.plist;
				LD_RUNPATH_SEARCH_PATHS = (
					"$(inherited)",
					"@executable_path/Frameworks",
				);
				PRODUCT_BUNDLE_IDENTIFIER = home.LSNativeApp;
				PRODUCT_NAME = "$(TARGET_NAME)";
				TARGETED_DEVICE_FAMILY = "1,2";
			};
			name = Release;
		};
/* End XCBuildConfiguration section */

/* Begin XCConfigurationList section */
		6D0C801221CA434D002B16DE /* Build configuration list for PBXProject "LSNativeApp" */ = {
			isa = XCConfigurationList;
			buildConfigurations = (
				6D0C802B21CA434F002B16DE /* Debug */,
				6D0C802C21CA434F002B16DE /* Release */,
			);
			defaultConfigurationIsVisible = 0;
			defaultConfigurationName = Release;
		};
		6D0C802D21CA434F002B16DE /* Build configuration list for PBXNativeTarget "LSNativeApp" */ = {
			isa = XCConfigurationList;
			buildConfigurations = (
				6D0C802E21CA434F002B16DE /* Debug */,
				6D0C802F21CA434F002B16DE /* Release */,
			);
			defaultConfigurationIsVisible = 0;
			defaultConfigurationName = Release;
		};
/* End XCConfigurationList section */
	};
	rootObject = 6D0C800F21CA434D002B16DE /* Project object */;
}
